
Microsoft Visual Studio Solution File, Format Version 12.00
# Visual Studio 15
VisualStudioVersion = 15.0.27130.2010
MinimumVisualStudioVersion = 10.0.40219.1
Project("{F2A71F9B-5D33-465A-A702-920D77279786}") = "БКИТДЗ", "БКИТДЗ\БКИТДЗ.fsproj", "{6C022109-2706-4F71-B498-2D690C0B291F}"
EndProject
Global
	GlobalSection(SolutionConfigurationPlatforms) = preSolution
		Debug|Any CPU = Debug|Any CPU
		Release|Any CPU = Release|Any CPU
	EndGlobalSection
	GlobalSection(ProjectConfigurationPlatforms) = postSolution
		{6C022109-2706-4F71-B498-2D690C0B291F}.Debug|Any CPU.ActiveCfg = Debug|Any CPU
		{6C022109-2706-4F71-B498-2D690C0B291F}.Debug|Any CPU.Build.0 = Debug|Any CPU
		{6C022109-2706-4F71-B498-2D690C0B291F}.Release|Any CPU.ActiveCfg = Release|Any CPU
		{6C022109-2706-4F71-B498-2D690C0B291F}.Release|Any CPU.Build.0 = Release|Any CPU
	EndGlobalSection
	GlobalSection(SolutionProperties) = preSolution
		HideSolutionNode = FALSE
	EndGlobalSection
	GlobalSection(ExtensibilityGlobals) = postSolution
		SolutionGuid = {8F7266F9-5686-42A5-BFDE-3B9E43536C70}
	EndGlobalSection
EndGlobal
