
Microsoft Visual Studio Solution File, Format Version 12.00
# Visual Studio 15
VisualStudioVersion = 15.0.26730.16
MinimumVisualStudioVersion = 10.0.40219.1
Project("{FAE04EC0-301F-11D3-BF4B-00C04F79EFBC}") = "Lab6_1", "Lab6_1\Lab6_1.csproj", "{36FE5752-615B-44E7-B368-F265F24F9606}"
EndProject
Project("{FAE04EC0-301F-11D3-BF4B-00C04F79EFBC}") = "lab6_2", "lab6_2\lab6_2.csproj", "{916D1AF6-DF9C-4452-8EEA-B4B2506C90BF}"
EndProject
Global
	GlobalSection(SolutionConfigurationPlatforms) = preSolution
		Debug|Any CPU = Debug|Any CPU
		Release|Any CPU = Release|Any CPU
	EndGlobalSection
	GlobalSection(ProjectConfigurationPlatforms) = postSolution
		{36FE5752-615B-44E7-B368-F265F24F9606}.Debug|Any CPU.ActiveCfg = Debug|Any CPU
		{36FE5752-615B-44E7-B368-F265F24F9606}.Debug|Any CPU.Build.0 = Debug|Any CPU
		{36FE5752-615B-44E7-B368-F265F24F9606}.Release|Any CPU.ActiveCfg = Release|Any CPU
		{36FE5752-615B-44E7-B368-F265F24F9606}.Release|Any CPU.Build.0 = Release|Any CPU
		{916D1AF6-DF9C-4452-8EEA-B4B2506C90BF}.Debug|Any CPU.ActiveCfg = Debug|Any CPU
		{916D1AF6-DF9C-4452-8EEA-B4B2506C90BF}.Debug|Any CPU.Build.0 = Debug|Any CPU
		{916D1AF6-DF9C-4452-8EEA-B4B2506C90BF}.Release|Any CPU.ActiveCfg = Release|Any CPU
		{916D1AF6-DF9C-4452-8EEA-B4B2506C90BF}.Release|Any CPU.Build.0 = Release|Any CPU
	EndGlobalSection
	GlobalSection(SolutionProperties) = preSolution
		HideSolutionNode = FALSE
	EndGlobalSection
	GlobalSection(ExtensibilityGlobals) = postSolution
		SolutionGuid = {876A3717-123B-49C2-8B6E-3059A7E916DF}
	EndGlobalSection
EndGlobal
